// !$*UTF8*$!
{
	archiveVersion = 1;
	classes = {
	};
	objectVersion = 60;
	objects = {

/* Begin PBXBuildFile section */
		2FAD9763203C412B000D30F8 /* config.xml in Resources */ = {isa = PBXBuildFile; fileRef = 2FAD9762203C412B000D30F8 /* config.xml */; };
		4D22ABE92AF431CB00220026 /* CapApp-SPM in Frameworks */ = {isa = PBXBuildFile; productRef = 4D22ABE82AF431CB00220026 /* CapApp-SPM */; };
		50379B232058CBB4000EE86E /* capacitor.config.json in Resources */ = {isa = PBXBuildFile; fileRef = 50379B222058CBB4000EE86E /* capacitor.config.json */; };
		504EC3081FED79650016851F /* AppDelegate.swift in Sources */ = {isa = PBXBuildFile; fileRef = 504EC3071FED79650016851F /* AppDelegate.swift */; };
		504EC30D1FED79650016851F /* Main.storyboard in Resources */ = {isa = PBXBuildFile; fileRef = 504EC30B1FED79650016851F /* Main.storyboard */; };
		504EC30F1FED79650016851F /* Assets.xcassets in Resources */ = {isa = PBXBuildFile; fileRef = 504EC30E1FED79650016851F /* Assets.xcassets */; };
		504EC3121FED79650016851F /* LaunchScreen.storyboard in Resources */ = {isa = PBXBuildFile; fileRef = 504EC3101FED79650016851F /* LaunchScreen.storyboard */; };
		50B271D11FEDC1A000F3C39B /* public in Resources */ = {isa = PBXBuildFile; fileRef = 50B271D01FEDC1A000F3C39B /* public */; };
		9582B6832FE993A70072D4E8 /* SceneDelegate.swift in Sources */ = {isa = PBXBuildFile; fileRef = 9582B6822FE993A50072D4E8 /* SceneDelegate.swift */; };
		48927061645A89B009E09519 /* CarPlaySceneDelegate.swift in Sources */ = {isa = PBXBuildFile; fileRef = DF63B1876E4D9C0330F480B4 /* CarPlaySceneDelegate.swift */; };
		5B04A314FCF7234E596078C0 /* BrowserFetcher.swift in Sources */ = {isa = PBXBuildFile; fileRef = CF2E5CF67BBE1F1267394EE5 /* BrowserFetcher.swift */; };
		7CE89A05FE9CA5F38FDD9A05 /* CoreHost.swift in Sources */ = {isa = PBXBuildFile; fileRef = 1FAA61F4B55EA85609D87B21 /* CoreHost.swift */; };
		F8A26C20075DC22B25D6C6AF /* NativeHTTP.swift in Sources */ = {isa = PBXBuildFile; fileRef = 77EE7FD79909755B68D47F48 /* NativeHTTP.swift */; };
		E7E94AD790E82CE3933AB443 /* NativeHostAPI.swift in Sources */ = {isa = PBXBuildFile; fileRef = 5F6FCA2D97294B5CF1085055 /* NativeHostAPI.swift */; };
		B5B41661E243D29ECCB4EE7E /* NativeUI.swift in Sources */ = {isa = PBXBuildFile; fileRef = 5BDA552B17A4763C097C68CB /* NativeUI.swift */; };
		EA01A0A066A8AEAF49D57E48 /* NarrationController.swift in Sources */ = {isa = PBXBuildFile; fileRef = A71383CECFCCED7B727873A7 /* NarrationController.swift */; };
		5C39F111A129F4F5DA81ABDB /* NarrationPlugin.swift in Sources */ = {isa = PBXBuildFile; fileRef = 19DCEECEB1B2791B679E753E /* NarrationPlugin.swift */; };
		A9F5BAD12F34B211573AA7D9 /* SpeechEngine.swift in Sources */ = {isa = PBXBuildFile; fileRef = 0FA71C5ACEEC65FED1543953 /* SpeechEngine.swift */; };
		407AF0D1A7BA0D92AD756B20 /* BackgroundRefresh.swift in Sources */ = {isa = PBXBuildFile; fileRef = D890192008575B57B940BBF2 /* BackgroundRefresh.swift */; };
		6FFE2257FBC14C007547DF6E /* CorePlugin.swift in Sources */ = {isa = PBXBuildFile; fileRef = 3CA674BB9A11644C860737A6 /* CorePlugin.swift */; };
		3B1E0F5B4FEA99BF02856928 /* MainViewController.swift in Sources */ = {isa = PBXBuildFile; fileRef = A2E2EEF90DB7072A418508D9 /* MainViewController.swift */; };
		A3FA75D978A202499D037AF6 /* StorePlugin.swift in Sources */ = {isa = PBXBuildFile; fileRef = D5E7DB03FA36592670553932 /* StorePlugin.swift */; };
		1224BC553AC55342E652EC3D /* PrivacyInfo.xcprivacy in Resources */ = {isa = PBXBuildFile; fileRef = A22FC39B5653B56B38905B74 /* PrivacyInfo.xcprivacy */; };
		FFE2CE8E544D2434DFBBCEE9 /* AudioChapterPlayer.swift in Sources */ = {isa = PBXBuildFile; fileRef = D88EA1AD46AE7E3B63FAA5B5 /* AudioChapterPlayer.swift */; };
		2AA3465CB4472405A40E5004 /* AudioLibrary.swift in Sources */ = {isa = PBXBuildFile; fileRef = 335D1F1A89449F6F5D614B7C /* AudioLibrary.swift */; };
		ED85BA88CA34208CCC80086F /* MetricDiagnostics.swift in Sources */ = {isa = PBXBuildFile; fileRef = E6F5395B5F4B93B0FFFA2EF8 /* MetricDiagnostics.swift */; };
		254E775E7FE94083E693EE1E /* HybridSpeechEngine.swift in Sources */ = {isa = PBXBuildFile; fileRef = DEBB9D6F6A29E01AC18BD05F /* HybridSpeechEngine.swift */; };
		D52860A1F0B50DD6E08A1492 /* KokoroService.swift in Sources */ = {isa = PBXBuildFile; fileRef = CAEB9E91E7C6E2B3C059CA77 /* KokoroService.swift */; };
		35FE6311BE4C8C43152A2014 /* VoiceLab.swift in Sources */ = {isa = PBXBuildFile; fileRef = CF7FB3B1C574F31ABF40923B /* VoiceLab.swift */; };
		7C7495FBF7C8CAEEE58EF2F4 /* VoiceSettings.swift in Sources */ = {isa = PBXBuildFile; fileRef = 92EA18C07953ADCF54EC8F5C /* VoiceSettings.swift */; };
		7DCD373B6C91F75EC29B4532 /* KokoroModels in Resources */ = {isa = PBXBuildFile; fileRef = D7F3C92A13EB7D44431F05E9 /* KokoroModels */; };
		B39966270AA09334B4F8E5D4 /* HDVoiceCore in Frameworks */ = {isa = PBXBuildFile; productRef = 9BD0FFA38A8356A77E1675A3 /* HDVoiceCore */; };
		766C9A19A88F37BE1CA24555 /* HDVoiceKokoro in Frameworks */ = {isa = PBXBuildFile; productRef = 5A808D333E0AA77AAE90AA21 /* HDVoiceKokoro */; };
/* End PBXBuildFile section */

/* Begin PBXFileReference section */
		2FAD9762203C412B000D30F8 /* config.xml */ = {isa = PBXFileReference; lastKnownFileType = text.xml; path = config.xml; sourceTree = "<group>"; };
		50379B222058CBB4000EE86E /* capacitor.config.json */ = {isa = PBXFileReference; fileEncoding = 4; lastKnownFileType = text.json; path = capacitor.config.json; sourceTree = "<group>"; };
		504EC3041FED79650016851F /* App.app */ = {isa = PBXFileReference; explicitFileType = wrapper.application; includeInIndex = 0; path = App.app; sourceTree = BUILT_PRODUCTS_DIR; };
		504EC3071FED79650016851F /* AppDelegate.swift */ = {isa = PBXFileReference; lastKnownFileType = sourcecode.swift; path = AppDelegate.swift; sourceTree = "<group>"; };
		504EC30C1FED79650016851F /* Base */ = {isa = PBXFileReference; lastKnownFileType = file.storyboard; name = Base; path = Base.lproj/Main.storyboard; sourceTree = "<group>"; };
		504EC30E1FED79650016851F /* Assets.xcassets */ = {isa = PBXFileReference; lastKnownFileType = folder.assetcatalog; path = Assets.xcassets; sourceTree = "<group>"; };
		504EC3111FED79650016851F /* Base */ = {isa = PBXFileReference; lastKnownFileType = file.storyboard; name = Base; path = Base.lproj/LaunchScreen.storyboard; sourceTree = "<group>"; };
		504EC3131FED79650016851F /* Info.plist */ = {isa = PBXFileReference; lastKnownFileType = text.plist.xml; path = Info.plist; sourceTree = "<group>"; };
		50B271D01FEDC1A000F3C39B /* public */ = {isa = PBXFileReference; lastKnownFileType = folder; path = public; sourceTree = "<group>"; };
		9582B6822FE993A50072D4E8 /* SceneDelegate.swift */ = {isa = PBXFileReference; lastKnownFileType = sourcecode.swift; path = SceneDelegate.swift; sourceTree = "<group>"; };
		958DCC722DB07C7200EA8C5F /* debug.xcconfig */ = {isa = PBXFileReference; lastKnownFileType = text.xcconfig; name = debug.xcconfig; path = ../debug.xcconfig; sourceTree = SOURCE_ROOT; };
		DF63B1876E4D9C0330F480B4 /* CarPlaySceneDelegate.swift */ = {isa = PBXFileReference; lastKnownFileType = sourcecode.swift; path = "CarPlay/CarPlaySceneDelegate.swift"; sourceTree = "<group>"; };
		CF2E5CF67BBE1F1267394EE5 /* BrowserFetcher.swift */ = {isa = PBXFileReference; lastKnownFileType = sourcecode.swift; path = "Core/BrowserFetcher.swift"; sourceTree = "<group>"; };
		1FAA61F4B55EA85609D87B21 /* CoreHost.swift */ = {isa = PBXFileReference; lastKnownFileType = sourcecode.swift; path = "Core/CoreHost.swift"; sourceTree = "<group>"; };
		77EE7FD79909755B68D47F48 /* NativeHTTP.swift */ = {isa = PBXFileReference; lastKnownFileType = sourcecode.swift; path = "Core/NativeHTTP.swift"; sourceTree = "<group>"; };
		5F6FCA2D97294B5CF1085055 /* NativeHostAPI.swift */ = {isa = PBXFileReference; lastKnownFileType = sourcecode.swift; path = "Core/NativeHostAPI.swift"; sourceTree = "<group>"; };
		5BDA552B17A4763C097C68CB /* NativeUI.swift */ = {isa = PBXFileReference; lastKnownFileType = sourcecode.swift; path = "Core/NativeUI.swift"; sourceTree = "<group>"; };
		A71383CECFCCED7B727873A7 /* NarrationController.swift */ = {isa = PBXFileReference; lastKnownFileType = sourcecode.swift; path = "Narration/NarrationController.swift"; sourceTree = "<group>"; };
		19DCEECEB1B2791B679E753E /* NarrationPlugin.swift */ = {isa = PBXFileReference; lastKnownFileType = sourcecode.swift; path = "Narration/NarrationPlugin.swift"; sourceTree = "<group>"; };
		0FA71C5ACEEC65FED1543953 /* SpeechEngine.swift */ = {isa = PBXFileReference; lastKnownFileType = sourcecode.swift; path = "Narration/SpeechEngine.swift"; sourceTree = "<group>"; };
		D890192008575B57B940BBF2 /* BackgroundRefresh.swift */ = {isa = PBXFileReference; lastKnownFileType = sourcecode.swift; path = "Shell/BackgroundRefresh.swift"; sourceTree = "<group>"; };
		3CA674BB9A11644C860737A6 /* CorePlugin.swift */ = {isa = PBXFileReference; lastKnownFileType = sourcecode.swift; path = "Shell/CorePlugin.swift"; sourceTree = "<group>"; };
		A2E2EEF90DB7072A418508D9 /* MainViewController.swift */ = {isa = PBXFileReference; lastKnownFileType = sourcecode.swift; path = "Shell/MainViewController.swift"; sourceTree = "<group>"; };
		D5E7DB03FA36592670553932 /* StorePlugin.swift */ = {isa = PBXFileReference; lastKnownFileType = sourcecode.swift; path = "Store/StorePlugin.swift"; sourceTree = "<group>"; };
		A22FC39B5653B56B38905B74 /* PrivacyInfo.xcprivacy */ = {isa = PBXFileReference; lastKnownFileType = text.xml; path = PrivacyInfo.xcprivacy; sourceTree = "<group>"; };
		5462AE7AE519E66588E5B106 /* App.entitlements */ = {isa = PBXFileReference; lastKnownFileType = text.plist.entitlements; path = App.entitlements; sourceTree = "<group>"; };
		D88EA1AD46AE7E3B63FAA5B5 /* AudioChapterPlayer.swift */ = {isa = PBXFileReference; lastKnownFileType = sourcecode.swift; path = "Narration/AudioChapterPlayer.swift"; sourceTree = "<group>"; };
		335D1F1A89449F6F5D614B7C /* AudioLibrary.swift */ = {isa = PBXFileReference; lastKnownFileType = sourcecode.swift; path = "Narration/AudioLibrary.swift"; sourceTree = "<group>"; };
		E6F5395B5F4B93B0FFFA2EF8 /* MetricDiagnostics.swift */ = {isa = PBXFileReference; lastKnownFileType = sourcecode.swift; path = "Shell/MetricDiagnostics.swift"; sourceTree = "<group>"; };
		DEBB9D6F6A29E01AC18BD05F /* HybridSpeechEngine.swift */ = {isa = PBXFileReference; lastKnownFileType = sourcecode.swift; path = "Voice/HybridSpeechEngine.swift"; sourceTree = "<group>"; };
		CAEB9E91E7C6E2B3C059CA77 /* KokoroService.swift */ = {isa = PBXFileReference; lastKnownFileType = sourcecode.swift; path = "Voice/KokoroService.swift"; sourceTree = "<group>"; };
		CF7FB3B1C574F31ABF40923B /* VoiceLab.swift */ = {isa = PBXFileReference; lastKnownFileType = sourcecode.swift; path = "Voice/VoiceLab.swift"; sourceTree = "<group>"; };
		92EA18C07953ADCF54EC8F5C /* VoiceSettings.swift */ = {isa = PBXFileReference; lastKnownFileType = sourcecode.swift; path = "Voice/VoiceSettings.swift"; sourceTree = "<group>"; };
		D7F3C92A13EB7D44431F05E9 /* KokoroModels */ = {isa = PBXFileReference; lastKnownFileType = folder; path = KokoroModels; sourceTree = "<group>"; };
/* End PBXFileReference section */

/* Begin PBXFrameworksBuildPhase section */
		504EC3011FED79650016851F /* Frameworks */ = {
			isa = PBXFrameworksBuildPhase;
			buildActionMask = 2147483647;
			files = (
				4D22ABE92AF431CB00220026 /* CapApp-SPM in Frameworks */,
				B39966270AA09334B4F8E5D4 /* HDVoiceCore in Frameworks */,
				766C9A19A88F37BE1CA24555 /* HDVoiceKokoro in Frameworks */,
			);
			runOnlyForDeploymentPostprocessing = 0;
		};
/* End PBXFrameworksBuildPhase section */

/* Begin PBXGroup section */
		504EC2FB1FED79650016851F = {
			isa = PBXGroup;
			children = (
				958DCC722DB07C7200EA8C5F /* debug.xcconfig */,
				504EC3061FED79650016851F /* App */,
				504EC3051FED79650016851F /* Products */,
			);
			sourceTree = "<group>";
		};
		504EC3051FED79650016851F /* Products */ = {
			isa = PBXGroup;
			children = (
				504EC3041FED79650016851F /* App.app */,
			);
			name = Products;
			sourceTree = "<group>";
		};
		504EC3061FED79650016851F /* App */ = {
			isa = PBXGroup;
			children = (
				9582B6822FE993A50072D4E8 /* SceneDelegate.swift */,
				50379B222058CBB4000EE86E /* capacitor.config.json */,
				504EC3071FED79650016851F /* AppDelegate.swift */,
				504EC30B1FED79650016851F /* Main.storyboard */,
				504EC30E1FED79650016851F /* Assets.xcassets */,
				504EC3101FED79650016851F /* LaunchScreen.storyboard */,
				504EC3131FED79650016851F /* Info.plist */,
				2FAD9762203C412B000D30F8 /* config.xml */,
				50B271D01FEDC1A000F3C39B /* public */,
				F2D108A23FAAF241A88B50AB /* Native */,
				A22FC39B5653B56B38905B74 /* PrivacyInfo.xcprivacy */,
				5462AE7AE519E66588E5B106 /* App.entitlements */,
				D7F3C92A13EB7D44431F05E9 /* KokoroModels */,
			);
			path = App;
			sourceTree = "<group>";
		};
		F2D108A23FAAF241A88B50AB /* Native */ = {
			isa = PBXGroup;
			children = (
				DF63B1876E4D9C0330F480B4 /* CarPlaySceneDelegate.swift */,
				CF2E5CF67BBE1F1267394EE5 /* BrowserFetcher.swift */,
				1FAA61F4B55EA85609D87B21 /* CoreHost.swift */,
				77EE7FD79909755B68D47F48 /* NativeHTTP.swift */,
				5F6FCA2D97294B5CF1085055 /* NativeHostAPI.swift */,
				5BDA552B17A4763C097C68CB /* NativeUI.swift */,
				A71383CECFCCED7B727873A7 /* NarrationController.swift */,
				19DCEECEB1B2791B679E753E /* NarrationPlugin.swift */,
				0FA71C5ACEEC65FED1543953 /* SpeechEngine.swift */,
				D890192008575B57B940BBF2 /* BackgroundRefresh.swift */,
				3CA674BB9A11644C860737A6 /* CorePlugin.swift */,
				A2E2EEF90DB7072A418508D9 /* MainViewController.swift */,
				D5E7DB03FA36592670553932 /* StorePlugin.swift */,
				D88EA1AD46AE7E3B63FAA5B5 /* AudioChapterPlayer.swift */,
				335D1F1A89449F6F5D614B7C /* AudioLibrary.swift */,
				E6F5395B5F4B93B0FFFA2EF8 /* MetricDiagnostics.swift */,
				DEBB9D6F6A29E01AC18BD05F /* HybridSpeechEngine.swift */,
				CAEB9E91E7C6E2B3C059CA77 /* KokoroService.swift */,
				CF7FB3B1C574F31ABF40923B /* VoiceLab.swift */,
				92EA18C07953ADCF54EC8F5C /* VoiceSettings.swift */,
			);
			path = Native;
			sourceTree = "<group>";
		};
/* End PBXGroup section */

/* Begin PBXNativeTarget section */
		504EC3031FED79650016851F /* App */ = {
			isa = PBXNativeTarget;
			buildConfigurationList = 504EC3161FED79650016851F /* Build configuration list for PBXNativeTarget "App" */;
			buildPhases = (
				504EC3001FED79650016851F /* Sources */,
				504EC3011FED79650016851F /* Frameworks */,
				504EC3021FED79650016851F /* Resources */,
			);
			buildRules = (
			);
			dependencies = (
			);
			name = App;
			packageProductDependencies = (
				4D22ABE82AF431CB00220026 /* CapApp-SPM */,
				9BD0FFA38A8356A77E1675A3 /* HDVoiceCore */,
				5A808D333E0AA77AAE90AA21 /* HDVoiceKokoro */,
			);
			productName = App;
			productReference = 504EC3041FED79650016851F /* App.app */;
			productType = "com.apple.product-type.application";
		};
/* End PBXNativeTarget section */

/* Begin PBXProject section */
		504EC2FC1FED79650016851F /* Project object */ = {
			isa = PBXProject;
			attributes = {
				LastSwiftUpdateCheck = 0920;
				LastUpgradeCheck = 0920;
				TargetAttributes = {
					504EC3031FED79650016851F = {
						CreatedOnToolsVersion = 9.2;
						LastSwiftMigration = 1100;
						ProvisioningStyle = Automatic;
					};
				};
			};
			buildConfigurationList = 504EC2FF1FED79650016851F /* Build configuration list for PBXProject "App" */;
			compatibilityVersion = "Xcode 8.0";
			developmentRegion = en;
			hasScannedForEncodings = 0;
			knownRegions = (
				en,
				Base,
			);
			mainGroup = 504EC2FB1FED79650016851F;
			packageReferences = (
				D4C12C0A2AAA248700AAC8A2 /* XCLocalSwiftPackageReference "CapApp-SPM" */,
				C8E92A3FCA8D00247721AF0D /* XCLocalSwiftPackageReference "HDVoice" */,
			);
			productRefGroup = 504EC3051FED79650016851F /* Products */;
			projectDirPath = "";
			projectRoot = "";
			targets = (
				504EC3031FED79650016851F /* App */,
			);
		};
/* End PBXProject section */

/* Begin PBXResourcesBuildPhase section */
		504EC3021FED79650016851F /* Resources */ = {
			isa = PBXResourcesBuildPhase;
			buildActionMask = 2147483647;
			files = (
				504EC3121FED79650016851F /* LaunchScreen.storyboard in Resources */,
				50B271D11FEDC1A000F3C39B /* public in Resources */,
				504EC30F1FED79650016851F /* Assets.xcassets in Resources */,
				50379B232058CBB4000EE86E /* capacitor.config.json in Resources */,
				504EC30D1FED79650016851F /* Main.storyboard in Resources */,
				2FAD9763203C412B000D30F8 /* config.xml in Resources */,
				1224BC553AC55342E652EC3D /* PrivacyInfo.xcprivacy in Resources */,
				7DCD373B6C91F75EC29B4532 /* KokoroModels in Resources */,
			);
			runOnlyForDeploymentPostprocessing = 0;
		};
/* End PBXResourcesBuildPhase section */

/* Begin PBXSourcesBuildPhase section */
		504EC3001FED79650016851F /* Sources */ = {
			isa = PBXSourcesBuildPhase;
			buildActionMask = 2147483647;
			files = (
				504EC3081FED79650016851F /* AppDelegate.swift in Sources */,
				9582B6832FE993A70072D4E8 /* SceneDelegate.swift in Sources */,
				48927061645A89B009E09519 /* CarPlaySceneDelegate.swift in Sources */,
				5B04A314FCF7234E596078C0 /* BrowserFetcher.swift in Sources */,
				7CE89A05FE9CA5F38FDD9A05 /* CoreHost.swift in Sources */,
				F8A26C20075DC22B25D6C6AF /* NativeHTTP.swift in Sources */,
				E7E94AD790E82CE3933AB443 /* NativeHostAPI.swift in Sources */,
				B5B41661E243D29ECCB4EE7E /* NativeUI.swift in Sources */,
				EA01A0A066A8AEAF49D57E48 /* NarrationController.swift in Sources */,
				5C39F111A129F4F5DA81ABDB /* NarrationPlugin.swift in Sources */,
				A9F5BAD12F34B211573AA7D9 /* SpeechEngine.swift in Sources */,
				407AF0D1A7BA0D92AD756B20 /* BackgroundRefresh.swift in Sources */,
				6FFE2257FBC14C007547DF6E /* CorePlugin.swift in Sources */,
				3B1E0F5B4FEA99BF02856928 /* MainViewController.swift in Sources */,
				A3FA75D978A202499D037AF6 /* StorePlugin.swift in Sources */,
				FFE2CE8E544D2434DFBBCEE9 /* AudioChapterPlayer.swift in Sources */,
				2AA3465CB4472405A40E5004 /* AudioLibrary.swift in Sources */,
				ED85BA88CA34208CCC80086F /* MetricDiagnostics.swift in Sources */,
				254E775E7FE94083E693EE1E /* HybridSpeechEngine.swift in Sources */,
				D52860A1F0B50DD6E08A1492 /* KokoroService.swift in Sources */,
				35FE6311BE4C8C43152A2014 /* VoiceLab.swift in Sources */,
				7C7495FBF7C8CAEEE58EF2F4 /* VoiceSettings.swift in Sources */,
			);
			runOnlyForDeploymentPostprocessing = 0;
		};
/* End PBXSourcesBuildPhase section */

/* Begin PBXVariantGroup section */
		504EC30B1FED79650016851F /* Main.storyboard */ = {
			isa = PBXVariantGroup;
			children = (
				504EC30C1FED79650016851F /* Base */,
			);
			name = Main.storyboard;
			sourceTree = "<group>";
		};
		504EC3101FED79650016851F /* LaunchScreen.storyboard */ = {
			isa = PBXVariantGroup;
			children = (
				504EC3111FED79650016851F /* Base */,
			);
			name = LaunchScreen.storyboard;
			sourceTree = "<group>";
		};
/* End PBXVariantGroup section */

/* Begin XCBuildConfiguration section */
		504EC3141FED79650016851F /* Debug */ = {
			isa = XCBuildConfiguration;
			baseConfigurationReference = 958DCC722DB07C7200EA8C5F /* debug.xcconfig */;
			buildSettings = {
				ALWAYS_SEARCH_USER_PATHS = NO;
				CLANG_ANALYZER_NONNULL = YES;
				CLANG_ANALYZER_NUMBER_OBJECT_CONVERSION = YES_AGGRESSIVE;
				CLANG_CXX_LANGUAGE_STANDARD = "gnu++14";
				CLANG_CXX_LIBRARY = "libc++";
				CLANG_ENABLE_MODULES = YES;
				CLANG_ENABLE_OBJC_ARC = YES;
				CLANG_WARN_BLOCK_CAPTURE_AUTORELEASING = YES;
				CLANG_WARN_BOOL_CONVERSION = YES;
				CLANG_WARN_COMMA = YES;
				CLANG_WARN_CONSTANT_CONVERSION = YES;
				CLANG_WARN_DIRECT_OBJC_ISA_USAGE = YES_ERROR;
				CLANG_WARN_DOCUMENTATION_COMMENTS = YES;
				CLANG_WARN_EMPTY_BODY = YES;
				CLANG_WARN_ENUM_CONVERSION = YES;
				CLANG_WARN_INFINITE_RECURSION = YES;
				CLANG_WARN_INT_CONVERSION = YES;
				CLANG_WARN_NON_LITERAL_NULL_CONVERSION = YES;
				CLANG_WARN_OBJC_LITERAL_CONVERSION = YES;
				CLANG_WARN_OBJC_ROOT_CLASS = YES_ERROR;
				CLANG_WARN_RANGE_LOOP_ANALYSIS = YES;
				CLANG_WARN_STRICT_PROTOTYPES = YES;
				CLANG_WARN_SUSPICIOUS_MOVE = YES;
				CLANG_WARN_UNGUARDED_AVAILABILITY = YES_AGGRESSIVE;
				CLANG_WARN_UNREACHABLE_CODE = YES;
				CLANG_WARN__DUPLICATE_METHOD_MATCH = YES;
				CODE_SIGN_IDENTITY = "iPhone Developer";
				COPY_PHASE_STRIP = NO;
				DEBUG_INFORMATION_FORMAT = dwarf;
				ENABLE_STRICT_OBJC_MSGSEND = YES;
				ENABLE_TESTABILITY = YES;
				GCC_C_LANGUAGE_STANDARD = gnu11;
				GCC_DYNAMIC_NO_PIC = NO;
				GCC_NO_COMMON_BLOCKS = YES;
				GCC_OPTIMIZATION_LEVEL = 0;
				GCC_PREPROCESSOR_DEFINITIONS = (
					"DEBUG=1",
					"$(inherited)",
				);
				GCC_WARN_64_TO_32_BIT_CONVERSION = YES;
				GCC_WARN_ABOUT_RETURN_TYPE = YES_ERROR;
				GCC_WARN_UNDECLARED_SELECTOR = YES;
				GCC_WARN_UNINITIALIZED_AUTOS = YES_AGGRESSIVE;
				GCC_WARN_UNUSED_FUNCTION = YES;
				GCC_WARN_UNUSED_VARIABLE = YES;
				IPHONEOS_DEPLOYMENT_TARGET = 17.0;
				MTL_ENABLE_DEBUG_INFO = YES;
				ONLY_ACTIVE_ARCH = YES;
				SDKROOT = iphoneos;
				SWIFT_ACTIVE_COMPILATION_CONDITIONS = DEBUG;
				SWIFT_OPTIMIZATION_LEVEL = "-Onone";
			};
			name = Debug;
		};
		504EC3151FED79650016851F /* Release */ = {
			isa = XCBuildConfiguration;
			buildSettings = {
				ALWAYS_SEARCH_USER_PATHS = NO;
				CLANG_ANALYZER_NONNULL = YES;
				CLANG_ANALYZER_NUMBER_OBJECT_CONVERSION = YES_AGGRESSIVE;
				CLANG_CXX_LANGUAGE_STANDARD = "gnu++14";
				CLANG_CXX_LIBRARY = "libc++";
				CLANG_ENABLE_MODULES = YES;
				CLANG_ENABLE_OBJC_ARC = YES;
				CLANG_WARN_BLOCK_CAPTURE_AUTORELEASING = YES;
				CLANG_WARN_BOOL_CONVERSION = YES;
				CLANG_WARN_COMMA = YES;
				CLANG_WARN_CONSTANT_CONVERSION = YES;
				CLANG_WARN_DIRECT_OBJC_ISA_USAGE = YES_ERROR;
				CLANG_WARN_DOCUMENTATION_COMMENTS = YES;
				CLANG_WARN_EMPTY_BODY = YES;
				CLANG_WARN_ENUM_CONVERSION = YES;
				CLANG_WARN_INFINITE_RECURSION = YES;
				CLANG_WARN_INT_CONVERSION = YES;
				CLANG_WARN_NON_LITERAL_NULL_CONVERSION = YES;
				CLANG_WARN_OBJC_LITERAL_CONVERSION = YES;
				CLANG_WARN_OBJC_ROOT_CLASS = YES_ERROR;
				CLANG_WARN_RANGE_LOOP_ANALYSIS = YES;
				CLANG_WARN_STRICT_PROTOTYPES = YES;
				CLANG_WARN_SUSPICIOUS_MOVE = YES;
				CLANG_WARN_UNGUARDED_AVAILABILITY = YES_AGGRESSIVE;
				CLANG_WARN_UNREACHABLE_CODE = YES;
				CLANG_WARN__DUPLICATE_METHOD_MATCH = YES;
				CODE_SIGN_IDENTITY = "iPhone Developer";
				COPY_PHASE_STRIP = NO;
				DEBUG_INFORMATION_FORMAT = "dwarf-with-dsym";
				ENABLE_NS_ASSERTIONS = NO;
				ENABLE_STRICT_OBJC_MSGSEND = YES;
				GCC_C_LANGUAGE_STANDARD = gnu11;
				GCC_NO_COMMON_BLOCKS = YES;
				GCC_WARN_64_TO_32_BIT_CONVERSION = YES;
				GCC_WARN_ABOUT_RETURN_TYPE = YES_ERROR;
				GCC_WARN_UNDECLARED_SELECTOR = YES;
				GCC_WARN_UNINITIALIZED_AUTOS = YES_AGGRESSIVE;
				GCC_WARN_UNUSED_FUNCTION = YES;
				GCC_WARN_UNUSED_VARIABLE = YES;
				IPHONEOS_DEPLOYMENT_TARGET = 17.0;
				MTL_ENABLE_DEBUG_INFO = NO;
				SDKROOT = iphoneos;
				SWIFT_COMPILATION_MODE = wholemodule;
				SWIFT_OPTIMIZATION_LEVEL = "-O";
				VALIDATE_PRODUCT = YES;
			};
			name = Release;
		};
		504EC3171FED79650016851F /* Debug */ = {
			isa = XCBuildConfiguration;
			baseConfigurationReference = 958DCC722DB07C7200EA8C5F /* debug.xcconfig */;
			buildSettings = {
				ASSETCATALOG_COMPILER_APPICON_NAME = AppIcon;
				CODE_SIGN_ENTITLEMENTS = App/App.entitlements;
				CODE_SIGN_STYLE = Automatic;
				CURRENT_PROJECT_VERSION = 1;
				INFOPLIST_FILE = App/Info.plist;
				IPHONEOS_DEPLOYMENT_TARGET = 17.0;
				LD_RUNPATH_SEARCH_PATHS = (
					"$(inherited)",
					"@executable_path/Frameworks",
				);
				MARKETING_VERSION = 2.0.0;
				OTHER_SWIFT_FLAGS = "$(inherited) \"-D\" \"COCOAPODS\" \"-DDEBUG\"";
				PRODUCT_BUNDLE_IDENTIFIER = com.kasta.tachinovel;
				PRODUCT_NAME = "$(TARGET_NAME)";
				SWIFT_ACTIVE_COMPILATION_CONDITIONS = DEBUG;
				SWIFT_STRICT_CONCURRENCY = complete;
				SWIFT_VERSION = 5.0;
				TARGETED_DEVICE_FAMILY = "1,2";
			};
			name = Debug;
		};
		504EC3181FED79650016851F /* Release */ = {
			isa = XCBuildConfiguration;
			buildSettings = {
				ASSETCATALOG_COMPILER_APPICON_NAME = AppIcon;
				CODE_SIGN_ENTITLEMENTS = App/App.entitlements;
				CODE_SIGN_STYLE = Automatic;
				CURRENT_PROJECT_VERSION = 1;
				INFOPLIST_FILE = App/Info.plist;
				IPHONEOS_DEPLOYMENT_TARGET = 17.0;
				LD_RUNPATH_SEARCH_PATHS = (
					"$(inherited)",
					"@executable_path/Frameworks",
				);
				MARKETING_VERSION = 2.0.0;
				PRODUCT_BUNDLE_IDENTIFIER = com.kasta.tachinovel;
				PRODUCT_NAME = "$(TARGET_NAME)";
				SWIFT_ACTIVE_COMPILATION_CONDITIONS = "";
				SWIFT_STRICT_CONCURRENCY = complete;
				SWIFT_VERSION = 5.0;
				TARGETED_DEVICE_FAMILY = "1,2";
			};
			name = Release;
		};
/* End XCBuildConfiguration section */

/* Begin XCConfigurationList section */
		504EC2FF1FED79650016851F /* Build configuration list for PBXProject "App" */ = {
			isa = XCConfigurationList;
			buildConfigurations = (
				504EC3141FED79650016851F /* Debug */,
				504EC3151FED79650016851F /* Release */,
			);
			defaultConfigurationIsVisible = 0;
			defaultConfigurationName = Release;
		};
		504EC3161FED79650016851F /* Build configuration list for PBXNativeTarget "App" */ = {
			isa = XCConfigurationList;
			buildConfigurations = (
				504EC3171FED79650016851F /* Debug */,
				504EC3181FED79650016851F /* Release */,
			);
			defaultConfigurationIsVisible = 0;
			defaultConfigurationName = Release;
		};
/* End XCConfigurationList section */

/* Begin XCLocalSwiftPackageReference section */
		D4C12C0A2AAA248700AAC8A2 /* XCLocalSwiftPackageReference "CapApp-SPM" */ = {
			isa = XCLocalSwiftPackageReference;
			relativePath = "CapApp-SPM";
		};
		C8E92A3FCA8D00247721AF0D /* XCLocalSwiftPackageReference "HDVoice" */ = {
			isa = XCLocalSwiftPackageReference;
			relativePath = HDVoice;
		};
/* End XCLocalSwiftPackageReference section */

/* Begin XCSwiftPackageProductDependency section */
		4D22ABE82AF431CB00220026 /* CapApp-SPM */ = {
			isa = XCSwiftPackageProductDependency;
			package = D4C12C0A2AAA248700AAC8A2 /* XCLocalSwiftPackageReference "CapApp-SPM" */;
			productName = "CapApp-SPM";
		};
		9BD0FFA38A8356A77E1675A3 /* HDVoiceCore */ = {
			isa = XCSwiftPackageProductDependency;
			package = C8E92A3FCA8D00247721AF0D /* XCLocalSwiftPackageReference "HDVoice" */;
			productName = HDVoiceCore;
		};
		5A808D333E0AA77AAE90AA21 /* HDVoiceKokoro */ = {
			isa = XCSwiftPackageProductDependency;
			package = C8E92A3FCA8D00247721AF0D /* XCLocalSwiftPackageReference "HDVoice" */;
			productName = HDVoiceKokoro;
		};
/* End XCSwiftPackageProductDependency section */
	};
	rootObject = 504EC2FC1FED79650016851F /* Project object */;
}
